
Microsoft Visual Studio Solution File, Format Version 12.00
# Visual Studio Version 17
VisualStudioVersion = 17.3.32825.248
MinimumVisualStudioVersion = 10.0.40219.1
Project("{FAE04EC0-301F-11D3-BF4B-00C04F79EFBC}") = "Сплайн прога", "Сплайн прога\Сплайн прога.csproj", "{AD623A20-938F-4697-9E1A-49ADB2689BF6}"
EndProject
Global
	GlobalSection(SolutionConfigurationPlatforms) = preSolution
		Debug|Any CPU = Debug|Any CPU
		Release|Any CPU = Release|Any CPU
	EndGlobalSection
	GlobalSection(ProjectConfigurationPlatforms) = postSolution
		{AD623A20-938F-4697-9E1A-49ADB2689BF6}.Debug|Any CPU.ActiveCfg = Debug|Any CPU
		{AD623A20-938F-4697-9E1A-49ADB2689BF6}.Debug|Any CPU.Build.0 = Debug|Any CPU
		{AD623A20-938F-4697-9E1A-49ADB2689BF6}.Release|Any CPU.ActiveCfg = Release|Any CPU
		{AD623A20-938F-4697-9E1A-49ADB2689BF6}.Release|Any CPU.Build.0 = Release|Any CPU
	EndGlobalSection
	GlobalSection(SolutionProperties) = preSolution
		HideSolutionNode = FALSE
	EndGlobalSection
	GlobalSection(ExtensibilityGlobals) = postSolution
		SolutionGuid = {A842C856-BD5D-4A9B-A26B-AA5975BD19A9}
	EndGlobalSection
EndGlobal
